// !$*UTF8*$!
{
	archiveVersion = 1;
	classes = {
	};
	objectVersion = 56;
	objects = {

/* Begin PBXBuildFile section */
		CB8F63F72C5CA1A40081FBD6 /* test_for_Healthy_Habits_PublicApp.swift in Sources */ = {isa = PBXBuildFile; fileRef = CB8F63F62C5CA1A40081FBD6 /* test_for_Healthy_Habits_PublicApp.swift */; };
		CB8F63FB2C5CA1A60081FBD6 /* Assets.xcassets in Resources */ = {isa = PBXBuildFile; fileRef = CB8F63FA2C5CA1A60081FBD6 /* Assets.xcassets */; };
		CB8F63FE2C5CA1A60081FBD6 /* Preview Assets.xcassets in Resources */ = {isa = PBXBuildFile; fileRef = CB8F63FD2C5CA1A60081FBD6 /* Preview Assets.xcassets */; };
		CB8F64002C5CA1A60081FBD6 /* Persistence.swift in Sources */ = {isa = PBXBuildFile; fileRef = CB8F63FF2C5CA1A60081FBD6 /* Persistence.swift */; };
		CB8F64032C5CA1A60081FBD6 /* test_for_Healthy_Habits_Public.xcdatamodeld in Sources */ = {isa = PBXBuildFile; fileRef = CB8F64012C5CA1A60081FBD6 /* test_for_Healthy_Habits_Public.xcdatamodeld */; };
		CB8F640B2C5CA20F0081FBD6 /* AffirmationEntity+CoreDataClass.swift in Sources */ = {isa = PBXBuildFile; fileRef = CB8F64092C5CA20F0081FBD6 /* AffirmationEntity+CoreDataClass.swift */; };
		CB8F640C2C5CA20F0081FBD6 /* AffirmationEntity+CoreDataProperties.swift in Sources */ = {isa = PBXBuildFile; fileRef = CB8F640A2C5CA20F0081FBD6 /* AffirmationEntity+CoreDataProperties.swift */; };
		CB8F640F2C5CA2340081FBD6 /* Color+Extension.swift in Sources */ = {isa = PBXBuildFile; fileRef = CB8F640E2C5CA2340081FBD6 /* Color+Extension.swift */; };
		CB8F64112C5CA24A0081FBD6 /* Localization.swift in Sources */ = {isa = PBXBuildFile; fileRef = CB8F64102C5CA24A0081FBD6 /* Localization.swift */; };
		CB8F64162C5CA2750081FBD6 /* OnboardingPageView.swift in Sources */ = {isa = PBXBuildFile; fileRef = CB8F64152C5CA2750081FBD6 /* OnboardingPageView.swift */; };
		CB8F64182C5CA2870081FBD6 /* OnboardingView.swift in Sources */ = {isa = PBXBuildFile; fileRef = CB8F64172C5CA2860081FBD6 /* OnboardingView.swift */; };
		CB8F641A2C5CA29C0081FBD6 /* MainView.swift in Sources */ = {isa = PBXBuildFile; fileRef = CB8F64192C5CA29C0081FBD6 /* MainView.swift */; };
		CB8F641C2C5CA2B00081FBD6 /* SettingsView.swift in Sources */ = {isa = PBXBuildFile; fileRef = CB8F641B2C5CA2B00081FBD6 /* SettingsView.swift */; };
		CB8F641F2C5CA2D00081FBD6 /* AffirmationViewModel.swift in Sources */ = {isa = PBXBuildFile; fileRef = CB8F641E2C5CA2D00081FBD6 /* AffirmationViewModel.swift */; };
		CB8F64212C5CA2DF0081FBD6 /* OnboardingViewModel.swift in Sources */ = {isa = PBXBuildFile; fileRef = CB8F64202C5CA2DF0081FBD6 /* OnboardingViewModel.swift */; };
		CB8F64232C5CA2F50081FBD6 /* SettingsViewModel.swift in Sources */ = {isa = PBXBuildFile; fileRef = CB8F64222C5CA2F50081FBD6 /* SettingsViewModel.swift */; };
		CB8F64262C5CA3100081FBD6 /* UserSettings.swift in Sources */ = {isa = PBXBuildFile; fileRef = CB8F64252C5CA3100081FBD6 /* UserSettings.swift */; };
		CB8F64292C5CA33F0081FBD6 /* Affirmation.swift in Sources */ = {isa = PBXBuildFile; fileRef = CB8F64282C5CA33F0081FBD6 /* Affirmation.swift */; };
		CB8F64302C5CA3C10081FBD6 /* Localizable.strings in Resources */ = {isa = PBXBuildFile; fileRef = CB8F642E2C5CA3C10081FBD6 /* Localizable.strings */; };
		CB8F64352C5CA3E90081FBD6 /* Localizable.strings in Resources */ = {isa = PBXBuildFile; fileRef = CB8F64332C5CA3E90081FBD6 /* Localizable.strings */; };
/* End PBXBuildFile section */

/* Begin PBXFileReference section */
		CB8F63F32C5CA1A40081FBD6 /* test-for-Healthy-Habits Public.app */ = {isa = PBXFileReference; explicitFileType = wrapper.application; includeInIndex = 0; path = "test-for-Healthy-Habits Public.app"; sourceTree = BUILT_PRODUCTS_DIR; };
		CB8F63F62C5CA1A40081FBD6 /* test_for_Healthy_Habits_PublicApp.swift */ = {isa = PBXFileReference; lastKnownFileType = sourcecode.swift; path = test_for_Healthy_Habits_PublicApp.swift; sourceTree = "<group>"; };
		CB8F63FA2C5CA1A60081FBD6 /* Assets.xcassets */ = {isa = PBXFileReference; lastKnownFileType = folder.assetcatalog; path = Assets.xcassets; sourceTree = "<group>"; };
		CB8F63FD2C5CA1A60081FBD6 /* Preview Assets.xcassets */ = {isa = PBXFileReference; lastKnownFileType = folder.assetcatalog; path = "Preview Assets.xcassets"; sourceTree = "<group>"; };
		CB8F63FF2C5CA1A60081FBD6 /* Persistence.swift */ = {isa = PBXFileReference; lastKnownFileType = sourcecode.swift; path = Persistence.swift; sourceTree = "<group>"; };
		CB8F64022C5CA1A60081FBD6 /* test_for_Healthy_Habits_Public.xcdatamodel */ = {isa = PBXFileReference; lastKnownFileType = wrapper.xcdatamodel; path = test_for_Healthy_Habits_Public.xcdatamodel; sourceTree = "<group>"; };
		CB8F64092C5CA20F0081FBD6 /* AffirmationEntity+CoreDataClass.swift */ = {isa = PBXFileReference; lastKnownFileType = sourcecode.swift; path = "AffirmationEntity+CoreDataClass.swift"; sourceTree = "<group>"; };
		CB8F640A2C5CA20F0081FBD6 /* AffirmationEntity+CoreDataProperties.swift */ = {isa = PBXFileReference; lastKnownFileType = sourcecode.swift; path = "AffirmationEntity+CoreDataProperties.swift"; sourceTree = "<group>"; };
		CB8F640E2C5CA2340081FBD6 /* Color+Extension.swift */ = {isa = PBXFileReference; lastKnownFileType = sourcecode.swift; path = "Color+Extension.swift"; sourceTree = "<group>"; };
		CB8F64102C5CA24A0081FBD6 /* Localization.swift */ = {isa = PBXFileReference; lastKnownFileType = sourcecode.swift; path = Localization.swift; sourceTree = "<group>"; };
		CB8F64152C5CA2750081FBD6 /* OnboardingPageView.swift */ = {isa = PBXFileReference; lastKnownFileType = sourcecode.swift; path = OnboardingPageView.swift; sourceTree = "<group>"; };
		CB8F64172C5CA2860081FBD6 /* OnboardingView.swift */ = {isa = PBXFileReference; lastKnownFileType = sourcecode.swift; path = OnboardingView.swift; sourceTree = "<group>"; };
		CB8F64192C5CA29C0081FBD6 /* MainView.swift */ = {isa = PBXFileReference; lastKnownFileType = sourcecode.swift; path = MainView.swift; sourceTree = "<group>"; };
		CB8F641B2C5CA2B00081FBD6 /* SettingsView.swift */ = {isa = PBXFileReference; lastKnownFileType = sourcecode.swift; path = SettingsView.swift; sourceTree = "<group>"; };
		CB8F641E2C5CA2D00081FBD6 /* AffirmationViewModel.swift */ = {isa = PBXFileReference; lastKnownFileType = sourcecode.swift; path = AffirmationViewModel.swift; sourceTree = "<group>"; };
		CB8F64202C5CA2DF0081FBD6 /* OnboardingViewModel.swift */ = {isa = PBXFileReference; lastKnownFileType = sourcecode.swift; path = OnboardingViewModel.swift; sourceTree = "<group>"; };
		CB8F64222C5CA2F50081FBD6 /* SettingsViewModel.swift */ = {isa = PBXFileReference; lastKnownFileType = sourcecode.swift; path = SettingsViewModel.swift; sourceTree = "<group>"; };
		CB8F64252C5CA3100081FBD6 /* UserSettings.swift */ = {isa = PBXFileReference; lastKnownFileType = sourcecode.swift; path = UserSettings.swift; sourceTree = "<group>"; };
		CB8F64282C5CA33F0081FBD6 /* Affirmation.swift */ = {isa = PBXFileReference; lastKnownFileType = sourcecode.swift; path = Affirmation.swift; sourceTree = "<group>"; };
		CB8F64312C5CA3CA0081FBD6 /* ru */ = {isa = PBXFileReference; lastKnownFileType = text.plist.strings; name = ru; path = ru.lproj/Localizable.strings; sourceTree = "<group>"; };
		CB8F64342C5CA3E90081FBD6 /* en */ = {isa = PBXFileReference; lastKnownFileType = text.plist.strings; name = en; path = en.lproj/Localizable.strings; sourceTree = "<group>"; };
/* End PBXFileReference section */

/* Begin PBXFrameworksBuildPhase section */
		CB8F63F02C5CA1A40081FBD6 /* Frameworks */ = {
			isa = PBXFrameworksBuildPhase;
			buildActionMask = 2147483647;
			files = (
			);
			runOnlyForDeploymentPostprocessing = 0;
		};
/* End PBXFrameworksBuildPhase section */

/* Begin PBXGroup section */
		CB8F63EA2C5CA1A40081FBD6 = {
			isa = PBXGroup;
			children = (
				CB8F64092C5CA20F0081FBD6 /* AffirmationEntity+CoreDataClass.swift */,
				CB8F640A2C5CA20F0081FBD6 /* AffirmationEntity+CoreDataProperties.swift */,
				CB8F63F52C5CA1A40081FBD6 /* test-for-Healthy-Habits Public */,
				CB8F63F42C5CA1A40081FBD6 /* Products */,
			);
			sourceTree = "<group>";
		};
		CB8F63F42C5CA1A40081FBD6 /* Products */ = {
			isa = PBXGroup;
			children = (
				CB8F63F32C5CA1A40081FBD6 /* test-for-Healthy-Habits Public.app */,
			);
			name = Products;
			sourceTree = "<group>";
		};
		CB8F63F52C5CA1A40081FBD6 /* test-for-Healthy-Habits Public */ = {
			isa = PBXGroup;
			children = (
				CB8F64242C5CA3000081FBD6 /* Model */,
				CB8F641D2C5CA2B90081FBD6 /* ViewModel */,
				CB8F64122C5CA2590081FBD6 /* View */,
				CB8F640D2C5CA21D0081FBD6 /* Helpers */,
				CB8F63F62C5CA1A40081FBD6 /* test_for_Healthy_Habits_PublicApp.swift */,
				CB8F642A2C5CA3810081FBD6 /* CoreData */,
				CB8F642C2C5CA3AE0081FBD6 /* Localization */,
				CB8F63FA2C5CA1A60081FBD6 /* Assets.xcassets */,
				CB8F64012C5CA1A60081FBD6 /* test_for_Healthy_Habits_Public.xcdatamodeld */,
				CB8F63FC2C5CA1A60081FBD6 /* Preview Content */,
			);
			path = "test-for-Healthy-Habits Public";
			sourceTree = "<group>";
		};
		CB8F63FC2C5CA1A60081FBD6 /* Preview Content */ = {
			isa = PBXGroup;
			children = (
				CB8F63FD2C5CA1A60081FBD6 /* Preview Assets.xcassets */,
			);
			path = "Preview Content";
			sourceTree = "<group>";
		};
		CB8F640D2C5CA21D0081FBD6 /* Helpers */ = {
			isa = PBXGroup;
			children = (
				CB8F640E2C5CA2340081FBD6 /* Color+Extension.swift */,
				CB8F64102C5CA24A0081FBD6 /* Localization.swift */,
			);
			path = Helpers;
			sourceTree = "<group>";
		};
		CB8F64122C5CA2590081FBD6 /* View */ = {
			isa = PBXGroup;
			children = (
				CB8F64152C5CA2750081FBD6 /* OnboardingPageView.swift */,
				CB8F64172C5CA2860081FBD6 /* OnboardingView.swift */,
				CB8F64192C5CA29C0081FBD6 /* MainView.swift */,
				CB8F641B2C5CA2B00081FBD6 /* SettingsView.swift */,
			);
			path = View;
			sourceTree = "<group>";
		};
		CB8F641D2C5CA2B90081FBD6 /* ViewModel */ = {
			isa = PBXGroup;
			children = (
				CB8F641E2C5CA2D00081FBD6 /* AffirmationViewModel.swift */,
				CB8F64202C5CA2DF0081FBD6 /* OnboardingViewModel.swift */,
				CB8F64222C5CA2F50081FBD6 /* SettingsViewModel.swift */,
			);
			path = ViewModel;
			sourceTree = "<group>";
		};
		CB8F64242C5CA3000081FBD6 /* Model */ = {
			isa = PBXGroup;
			children = (
				CB8F64252C5CA3100081FBD6 /* UserSettings.swift */,
				CB8F64282C5CA33F0081FBD6 /* Affirmation.swift */,
			);
			path = Model;
			sourceTree = "<group>";
		};
		CB8F642A2C5CA3810081FBD6 /* CoreData */ = {
			isa = PBXGroup;
			children = (
				CB8F63FF2C5CA1A60081FBD6 /* Persistence.swift */,
			);
			path = CoreData;
			sourceTree = "<group>";
		};
		CB8F642C2C5CA3AE0081FBD6 /* Localization */ = {
			isa = PBXGroup;
			children = (
				CB8F64322C5CA3DB0081FBD6 /* en.lproj */,
				CB8F642D2C5CA3B20081FBD6 /* ru.lproj */,
			);
			path = Localization;
			sourceTree = "<group>";
		};
		CB8F642D2C5CA3B20081FBD6 /* ru.lproj */ = {
			isa = PBXGroup;
			children = (
				CB8F642E2C5CA3C10081FBD6 /* Localizable.strings */,
			);
			path = ru.lproj;
			sourceTree = "<group>";
		};
		CB8F64322C5CA3DB0081FBD6 /* en.lproj */ = {
			isa = PBXGroup;
			children = (
				CB8F64332C5CA3E90081FBD6 /* Localizable.strings */,
			);
			path = en.lproj;
			sourceTree = "<group>";
		};
/* End PBXGroup section */

/* Begin PBXNativeTarget section */
		CB8F63F22C5CA1A40081FBD6 /* test-for-Healthy-Habits Public */ = {
			isa = PBXNativeTarget;
			buildConfigurationList = CB8F64062C5CA1A60081FBD6 /* Build configuration list for PBXNativeTarget "test-for-Healthy-Habits Public" */;
			buildPhases = (
				CB8F63EF2C5CA1A40081FBD6 /* Sources */,
				CB8F63F02C5CA1A40081FBD6 /* Frameworks */,
				CB8F63F12C5CA1A40081FBD6 /* Resources */,
			);
			buildRules = (
			);
			dependencies = (
			);
			name = "test-for-Healthy-Habits Public";
			productName = "test-for-Healthy-Habits Public";
			productReference = CB8F63F32C5CA1A40081FBD6 /* test-for-Healthy-Habits Public.app */;
			productType = "com.apple.product-type.application";
		};
/* End PBXNativeTarget section */

/* Begin PBXProject section */
		CB8F63EB2C5CA1A40081FBD6 /* Project object */ = {
			isa = PBXProject;
			attributes = {
				BuildIndependentTargetsInParallel = 1;
				LastSwiftUpdateCheck = 1540;
				LastUpgradeCheck = 1540;
				TargetAttributes = {
					CB8F63F22C5CA1A40081FBD6 = {
						CreatedOnToolsVersion = 15.4;
					};
				};
			};
			buildConfigurationList = CB8F63EE2C5CA1A40081FBD6 /* Build configuration list for PBXProject "test-for-Healthy-Habits Public" */;
			compatibilityVersion = "Xcode 14.0";
			developmentRegion = en;
			hasScannedForEncodings = 0;
			knownRegions = (
				en,
				Base,
				ru,
			);
			mainGroup = CB8F63EA2C5CA1A40081FBD6;
			productRefGroup = CB8F63F42C5CA1A40081FBD6 /* Products */;
			projectDirPath = "";
			projectRoot = "";
			targets = (
				CB8F63F22C5CA1A40081FBD6 /* test-for-Healthy-Habits Public */,
			);
		};
/* End PBXProject section */

/* Begin PBXResourcesBuildPhase section */
		CB8F63F12C5CA1A40081FBD6 /* Resources */ = {
			isa = PBXResourcesBuildPhase;
			buildActionMask = 2147483647;
			files = (
				CB8F63FE2C5CA1A60081FBD6 /* Preview Assets.xcassets in Resources */,
				CB8F64352C5CA3E90081FBD6 /* Localizable.strings in Resources */,
				CB8F64302C5CA3C10081FBD6 /* Localizable.strings in Resources */,
				CB8F63FB2C5CA1A60081FBD6 /* Assets.xcassets in Resources */,
			);
			runOnlyForDeploymentPostprocessing = 0;
		};
/* End PBXResourcesBuildPhase section */

/* Begin PBXSourcesBuildPhase section */
		CB8F63EF2C5CA1A40081FBD6 /* Sources */ = {
			isa = PBXSourcesBuildPhase;
			buildActionMask = 2147483647;
			files = (
				CB8F64002C5CA1A60081FBD6 /* Persistence.swift in Sources */,
				CB8F640F2C5CA2340081FBD6 /* Color+Extension.swift in Sources */,
				CB8F640B2C5CA20F0081FBD6 /* AffirmationEntity+CoreDataClass.swift in Sources */,
				CB8F64182C5CA2870081FBD6 /* OnboardingView.swift in Sources */,
				CB8F640C2C5CA20F0081FBD6 /* AffirmationEntity+CoreDataProperties.swift in Sources */,
				CB8F64232C5CA2F50081FBD6 /* SettingsViewModel.swift in Sources */,
				CB8F64212C5CA2DF0081FBD6 /* OnboardingViewModel.swift in Sources */,
				CB8F641F2C5CA2D00081FBD6 /* AffirmationViewModel.swift in Sources */,
				CB8F64292C5CA33F0081FBD6 /* Affirmation.swift in Sources */,
				CB8F63F72C5CA1A40081FBD6 /* test_for_Healthy_Habits_PublicApp.swift in Sources */,
				CB8F641A2C5CA29C0081FBD6 /* MainView.swift in Sources */,
				CB8F64162C5CA2750081FBD6 /* OnboardingPageView.swift in Sources */,
				CB8F641C2C5CA2B00081FBD6 /* SettingsView.swift in Sources */,
				CB8F64262C5CA3100081FBD6 /* UserSettings.swift in Sources */,
				CB8F64112C5CA24A0081FBD6 /* Localization.swift in Sources */,
				CB8F64032C5CA1A60081FBD6 /* test_for_Healthy_Habits_Public.xcdatamodeld in Sources */,
			);
			runOnlyForDeploymentPostprocessing = 0;
		};
/* End PBXSourcesBuildPhase section */

/* Begin PBXVariantGroup section */
		CB8F642E2C5CA3C10081FBD6 /* Localizable.strings */ = {
			isa = PBXVariantGroup;
			children = (
				CB8F64312C5CA3CA0081FBD6 /* ru */,
			);
			name = Localizable.strings;
			sourceTree = "<group>";
		};
		CB8F64332C5CA3E90081FBD6 /* Localizable.strings */ = {
			isa = PBXVariantGroup;
			children = (
				CB8F64342C5CA3E90081FBD6 /* en */,
			);
			name = Localizable.strings;
			sourceTree = "<group>";
		};
/* End PBXVariantGroup section */

/* Begin XCBuildConfiguration section */
		CB8F64042C5CA1A60081FBD6 /* Debug */ = {
			isa = XCBuildConfiguration;
			buildSettings = {
				ALWAYS_SEARCH_USER_PATHS = NO;
				ASSETCATALOG_COMPILER_GENERATE_SWIFT_ASSET_SYMBOL_EXTENSIONS = YES;
				CLANG_ANALYZER_NONNULL = YES;
				CLANG_ANALYZER_NUMBER_OBJECT_CONVERSION = YES_AGGRESSIVE;
				CLANG_CXX_LANGUAGE_STANDARD = "gnu++20";
				CLANG_ENABLE_MODULES = YES;
				CLANG_ENABLE_OBJC_ARC = YES;
				CLANG_ENABLE_OBJC_WEAK = YES;
				CLANG_WARN_BLOCK_CAPTURE_AUTORELEASING = YES;
				CLANG_WARN_BOOL_CONVERSION = YES;
				CLANG_WARN_COMMA = YES;
				CLANG_WARN_CONSTANT_CONVERSION = YES;
				CLANG_WARN_DEPRECATED_OBJC_IMPLEMENTATIONS = YES;
				CLANG_WARN_DIRECT_OBJC_ISA_USAGE = YES_ERROR;
				CLANG_WARN_DOCUMENTATION_COMMENTS = YES;
				CLANG_WARN_EMPTY_BODY = YES;
				CLANG_WARN_ENUM_CONVERSION = YES;
				CLANG_WARN_INFINITE_RECURSION = YES;
				CLANG_WARN_INT_CONVERSION = YES;
				CLANG_WARN_NON_LITERAL_NULL_CONVERSION = YES;
				CLANG_WARN_OBJC_IMPLICIT_RETAIN_SELF = YES;
				CLANG_WARN_OBJC_LITERAL_CONVERSION = YES;
				CLANG_WARN_OBJC_ROOT_CLASS = YES_ERROR;
				CLANG_WARN_QUOTED_INCLUDE_IN_FRAMEWORK_HEADER = YES;
				CLANG_WARN_RANGE_LOOP_ANALYSIS = YES;
				CLANG_WARN_STRICT_PROTOTYPES = YES;
				CLANG_WARN_SUSPICIOUS_MOVE = YES;
				CLANG_WARN_UNGUARDED_AVAILABILITY = YES_AGGRESSIVE;
				CLANG_WARN_UNREACHABLE_CODE = YES;
				CLANG_WARN__DUPLICATE_METHOD_MATCH = YES;
				COPY_PHASE_STRIP = NO;
				DEBUG_INFORMATION_FORMAT = dwarf;
				ENABLE_STRICT_OBJC_MSGSEND = YES;
				ENABLE_TESTABILITY = YES;
				ENABLE_USER_SCRIPT_SANDBOXING = YES;
				GCC_C_LANGUAGE_STANDARD = gnu17;
				GCC_DYNAMIC_NO_PIC = NO;
				GCC_NO_COMMON_BLOCKS = YES;
				GCC_OPTIMIZATION_LEVEL = 0;
				GCC_PREPROCESSOR_DEFINITIONS = (
					"DEBUG=1",
					"$(inherited)",
				);
				GCC_WARN_64_TO_32_BIT_CONVERSION = YES;
				GCC_WARN_ABOUT_RETURN_TYPE = YES_ERROR;
				GCC_WARN_UNDECLARED_SELECTOR = YES;
				GCC_WARN_UNINITIALIZED_AUTOS = YES_AGGRESSIVE;
				GCC_WARN_UNUSED_FUNCTION = YES;
				GCC_WARN_UNUSED_VARIABLE = YES;
				IPHONEOS_DEPLOYMENT_TARGET = 17.5;
				LOCALIZATION_PREFERS_STRING_CATALOGS = YES;
				MTL_ENABLE_DEBUG_INFO = INCLUDE_SOURCE;
				MTL_FAST_MATH = YES;
				ONLY_ACTIVE_ARCH = YES;
				SDKROOT = iphoneos;
				SWIFT_ACTIVE_COMPILATION_CONDITIONS = "DEBUG $(inherited)";
				SWIFT_OPTIMIZATION_LEVEL = "-Onone";
			};
			name = Debug;
		};
		CB8F64052C5CA1A60081FBD6 /* Release */ = {
			isa = XCBuildConfiguration;
			buildSettings = {
				ALWAYS_SEARCH_USER_PATHS = NO;
				ASSETCATALOG_COMPILER_GENERATE_SWIFT_ASSET_SYMBOL_EXTENSIONS = YES;
				CLANG_ANALYZER_NONNULL = YES;
				CLANG_ANALYZER_NUMBER_OBJECT_CONVERSION = YES_AGGRESSIVE;
				CLANG_CXX_LANGUAGE_STANDARD = "gnu++20";
				CLANG_ENABLE_MODULES = YES;
				CLANG_ENABLE_OBJC_ARC = YES;
				CLANG_ENABLE_OBJC_WEAK = YES;
				CLANG_WARN_BLOCK_CAPTURE_AUTORELEASING = YES;
				CLANG_WARN_BOOL_CONVERSION = YES;
				CLANG_WARN_COMMA = YES;
				CLANG_WARN_CONSTANT_CONVERSION = YES;
				CLANG_WARN_DEPRECATED_OBJC_IMPLEMENTATIONS = YES;
				CLANG_WARN_DIRECT_OBJC_ISA_USAGE = YES_ERROR;
				CLANG_WARN_DOCUMENTATION_COMMENTS = YES;
				CLANG_WARN_EMPTY_BODY = YES;
				CLANG_WARN_ENUM_CONVERSION = YES;
				CLANG_WARN_INFINITE_RECURSION = YES;
				CLANG_WARN_INT_CONVERSION = YES;
				CLANG_WARN_NON_LITERAL_NULL_CONVERSION = YES;
				CLANG_WARN_OBJC_IMPLICIT_RETAIN_SELF = YES;
				CLANG_WARN_OBJC_LITERAL_CONVERSION = YES;
				CLANG_WARN_OBJC_ROOT_CLASS = YES_ERROR;
				CLANG_WARN_QUOTED_INCLUDE_IN_FRAMEWORK_HEADER = YES;
				CLANG_WARN_RANGE_LOOP_ANALYSIS = YES;
				CLANG_WARN_STRICT_PROTOTYPES = YES;
				CLANG_WARN_SUSPICIOUS_MOVE = YES;
				CLANG_WARN_UNGUARDED_AVAILABILITY = YES_AGGRESSIVE;
				CLANG_WARN_UNREACHABLE_CODE = YES;
				CLANG_WARN__DUPLICATE_METHOD_MATCH = YES;
				COPY_PHASE_STRIP = NO;
				DEBUG_INFORMATION_FORMAT = "dwarf-with-dsym";
				ENABLE_NS_ASSERTIONS = NO;
				ENABLE_STRICT_OBJC_MSGSEND = YES;
				ENABLE_USER_SCRIPT_SANDBOXING = YES;
				GCC_C_LANGUAGE_STANDARD = gnu17;
				GCC_NO_COMMON_BLOCKS = YES;
				GCC_WARN_64_TO_32_BIT_CONVERSION = YES;
				GCC_WARN_ABOUT_RETURN_TYPE = YES_ERROR;
				GCC_WARN_UNDECLARED_SELECTOR = YES;
				GCC_WARN_UNINITIALIZED_AUTOS = YES_AGGRESSIVE;
				GCC_WARN_UNUSED_FUNCTION = YES;
				GCC_WARN_UNUSED_VARIABLE = YES;
				IPHONEOS_DEPLOYMENT_TARGET = 17.5;
				LOCALIZATION_PREFERS_STRING_CATALOGS = YES;
				MTL_ENABLE_DEBUG_INFO = NO;
				MTL_FAST_MATH = YES;
				SDKROOT = iphoneos;
				SWIFT_COMPILATION_MODE = wholemodule;
				VALIDATE_PRODUCT = YES;
			};
			name = Release;
		};
		CB8F64072C5CA1A60081FBD6 /* Debug */ = {
			isa = XCBuildConfiguration;
			buildSettings = {
				ASSETCATALOG_COMPILER_APPICON_NAME = AppIcon;
				ASSETCATALOG_COMPILER_GLOBAL_ACCENT_COLOR_NAME = AccentColor;
				CODE_SIGN_STYLE = Automatic;
				CURRENT_PROJECT_VERSION = 1;
				DEVELOPMENT_ASSET_PATHS = "\"test-for-Healthy-Habits Public/Preview Content\"";
				DEVELOPMENT_TEAM = NUXQXHM583;
				ENABLE_PREVIEWS = YES;
				GENERATE_INFOPLIST_FILE = YES;
				INFOPLIST_KEY_UIApplicationSceneManifest_Generation = YES;
				INFOPLIST_KEY_UIApplicationSupportsIndirectInputEvents = YES;
				INFOPLIST_KEY_UILaunchScreen_Generation = YES;
				INFOPLIST_KEY_UISupportedInterfaceOrientations_iPad = "UIInterfaceOrientationPortrait UIInterfaceOrientationPortraitUpsideDown UIInterfaceOrientationLandscapeLeft UIInterfaceOrientationLandscapeRight";
				INFOPLIST_KEY_UISupportedInterfaceOrientations_iPhone = "UIInterfaceOrientationPortrait UIInterfaceOrientationLandscapeLeft UIInterfaceOrientationLandscapeRight";
				LD_RUNPATH_SEARCH_PATHS = (
					"$(inherited)",
					"@executable_path/Frameworks",
				);
				MARKETING_VERSION = 1.0;
				PRODUCT_BUNDLE_IDENTIFIER = "Imaev.Dmitrii.test-for-Healthy-Habits-Public";
				PRODUCT_NAME = "$(TARGET_NAME)";
				SWIFT_EMIT_LOC_STRINGS = YES;
				SWIFT_VERSION = 5.0;
				TARGETED_DEVICE_FAMILY = "1,2";
			};
			name = Debug;
		};
		CB8F64082C5CA1A60081FBD6 /* Release */ = {
			isa = XCBuildConfiguration;
			buildSettings = {
				ASSETCATALOG_COMPILER_APPICON_NAME = AppIcon;
				ASSETCATALOG_COMPILER_GLOBAL_ACCENT_COLOR_NAME = AccentColor;
				CODE_SIGN_STYLE = Automatic;
				CURRENT_PROJECT_VERSION = 1;
				DEVELOPMENT_ASSET_PATHS = "\"test-for-Healthy-Habits Public/Preview Content\"";
				DEVELOPMENT_TEAM = NUXQXHM583;
				ENABLE_PREVIEWS = YES;
				GENERATE_INFOPLIST_FILE = YES;
				INFOPLIST_KEY_UIApplicationSceneManifest_Generation = YES;
				INFOPLIST_KEY_UIApplicationSupportsIndirectInputEvents = YES;
				INFOPLIST_KEY_UILaunchScreen_Generation = YES;
				INFOPLIST_KEY_UISupportedInterfaceOrientations_iPad = "UIInterfaceOrientationPortrait UIInterfaceOrientationPortraitUpsideDown UIInterfaceOrientationLandscapeLeft UIInterfaceOrientationLandscapeRight";
				INFOPLIST_KEY_UISupportedInterfaceOrientations_iPhone = "UIInterfaceOrientationPortrait UIInterfaceOrientationLandscapeLeft UIInterfaceOrientationLandscapeRight";
				LD_RUNPATH_SEARCH_PATHS = (
					"$(inherited)",
					"@executable_path/Frameworks",
				);
				MARKETING_VERSION = 1.0;
				PRODUCT_BUNDLE_IDENTIFIER = "Imaev.Dmitrii.test-for-Healthy-Habits-Public";
				PRODUCT_NAME = "$(TARGET_NAME)";
				SWIFT_EMIT_LOC_STRINGS = YES;
				SWIFT_VERSION = 5.0;
				TARGETED_DEVICE_FAMILY = "1,2";
			};
			name = Release;
		};
/* End XCBuildConfiguration section */

/* Begin XCConfigurationList section */
		CB8F63EE2C5CA1A40081FBD6 /* Build configuration list for PBXProject "test-for-Healthy-Habits Public" */ = {
			isa = XCConfigurationList;
			buildConfigurations = (
				CB8F64042C5CA1A60081FBD6 /* Debug */,
				CB8F64052C5CA1A60081FBD6 /* Release */,
			);
			defaultConfigurationIsVisible = 0;
			defaultConfigurationName = Release;
		};
		CB8F64062C5CA1A60081FBD6 /* Build configuration list for PBXNativeTarget "test-for-Healthy-Habits Public" */ = {
			isa = XCConfigurationList;
			buildConfigurations = (
				CB8F64072C5CA1A60081FBD6 /* Debug */,
				CB8F64082C5CA1A60081FBD6 /* Release */,
			);
			defaultConfigurationIsVisible = 0;
			defaultConfigurationName = Release;
		};
/* End XCConfigurationList section */

/* Begin XCVersionGroup section */
		CB8F64012C5CA1A60081FBD6 /* test_for_Healthy_Habits_Public.xcdatamodeld */ = {
			isa = XCVersionGroup;
			children = (
				CB8F64022C5CA1A60081FBD6 /* test_for_Healthy_Habits_Public.xcdatamodel */,
			);
			currentVersion = CB8F64022C5CA1A60081FBD6 /* test_for_Healthy_Habits_Public.xcdatamodel */;
			path = test_for_Healthy_Habits_Public.xcdatamodeld;
			sourceTree = "<group>";
			versionGroupType = wrapper.xcdatamodel;
		};
/* End XCVersionGroup section */
	};
	rootObject = CB8F63EB2C5CA1A40081FBD6 /* Project object */;
}
